{
  "nodes": {
    "base16-schemes": {
      "flake": false,
      "locked": {
        "lastModified": 1696158499,
        "narHash": "sha256-5yIHgDTPjoX/3oDEfLSQ0eJZdFL1SaCfb9d6M0RmOTM=",
        "owner": "tinted-theming",
        "repo": "base16-schemes",
        "rev": "a9112eaae86d9dd8ee6bb9445b664fba2f94037a",
        "type": "github"
      },
      "original": {
        "owner": "tinted-theming",
        "repo": "base16-schemes",
        "type": "github"
      }
    },
    "flake-compat": {
      "flake": false,
      "locked": {
        "lastModified": 1673956053,
        "narHash": "sha256-4gtG9iQuiKITOjNQQeQIpoIB6b16fm+504Ch3sNKLd8=",
        "owner": "edolstra",
        "repo": "flake-compat",
        "rev": "35bb57c0c8d8b62bbfd284272c928ceb64ddbde9",
        "type": "github"
      },
      "original": {
        "owner": "edolstra",
        "repo": "flake-compat",
        "type": "github"
      }
    },
    "flake-parts": {
      "inputs": {
        "nixpkgs-lib": "nixpkgs-lib"
      },
      "locked": {
        "lastModified": 1704982712,
        "narHash": "sha256-2Ptt+9h8dczgle2Oo6z5ni5rt/uLMG47UFTR1ry/wgg=",
        "owner": "hercules-ci",
        "repo": "flake-parts",
        "rev": "07f6395285469419cf9d078f59b5b49993198c00",
        "type": "github"
      },
      "original": {
        "owner": "hercules-ci",
        "repo": "flake-parts",
        "type": "github"
      }
    },
    "flake-utils": {
      "inputs": {
        "systems": "systems_2"
      },
      "locked": {
        "lastModified": 1685518550,
        "narHash": "sha256-o2d0KcvaXzTrPRIo0kOLV0/QXHhDQ5DTi+OxcjO8xqY=",
        "owner": "numtide",
        "repo": "flake-utils",
        "rev": "a1720a10a6cfe8234c0e93907ffe81be440f4cef",
        "type": "github"
      },
      "original": {
        "owner": "numtide",
        "repo": "flake-utils",
        "type": "github"
      }
    },
    "gitignore": {
      "inputs": {
        "nixpkgs": [
          "my_neovim",
          "nixvim",
          "pre-commit-hooks",
          "nixpkgs"
        ]
      },
      "locked": {
        "lastModified": 1660459072,
        "narHash": "sha256-8DFJjXG8zqoONA1vXtgeKXy68KdJL5UaXR8NtVMUbx8=",
        "owner": "hercules-ci",
        "repo": "gitignore.nix",
        "rev": "a20de23b925fd8264fd7fad6454652e142fd7f73",
        "type": "github"
      },
      "original": {
        "owner": "hercules-ci",
        "repo": "gitignore.nix",
        "type": "github"
      }
    },
    "home-manager": {
      "inputs": {
        "nixpkgs": [
          "nixpkgs"
        ]
      },
      "locked": {
        "lastModified": 1708031129,
        "narHash": "sha256-EH20hJfNnc1/ODdDVat9B7aKm0B95L3YtkIRwKLvQG8=",
        "owner": "nix-community",
        "repo": "home-manager",
        "rev": "3d6791b3897b526c82920a2ab5f61d71985b3cf8",
        "type": "github"
      },
      "original": {
        "owner": "nix-community",
        "repo": "home-manager",
        "type": "github"
      }
    },
    "hyprland": {
      "inputs": {
        "hyprland-protocols": "hyprland-protocols",
        "nixpkgs": [
          "nixpkgs"
        ],
        "systems": "systems",
        "wlroots": "wlroots",
        "xdph": "xdph"
      },
      "locked": {
        "lastModified": 1708186866,
        "narHash": "sha256-xkTtBVu9uJvTet0IRVD/FYosB1LrFQhL37qVM+P1Hq0=",
        "owner": "hyprwm",
        "repo": "Hyprland",
        "rev": "289d952a6ee02f6d54a0899870bbec52ff9a53df",
        "type": "github"
      },
      "original": {
        "owner": "hyprwm",
        "repo": "Hyprland",
        "type": "github"
      }
    },
    "hyprland-protocols": {
      "inputs": {
        "nixpkgs": [
          "hyprland",
          "nixpkgs"
        ],
        "systems": [
          "hyprland",
          "systems"
        ]
      },
      "locked": {
        "lastModified": 1691753796,
        "narHash": "sha256-zOEwiWoXk3j3+EoF3ySUJmberFewWlagvewDRuWYAso=",
        "owner": "hyprwm",
        "repo": "hyprland-protocols",
        "rev": "0c2ce70625cb30aef199cb388f99e19a61a6ce03",
        "type": "github"
      },
      "original": {
        "owner": "hyprwm",
        "repo": "hyprland-protocols",
        "type": "github"
      }
    },
    "hyprlang": {
      "inputs": {
        "nixpkgs": [
          "hyprland",
          "xdph",
          "nixpkgs"
        ]
      },
      "locked": {
        "lastModified": 1704287638,
        "narHash": "sha256-TuRXJGwtK440AXQNl5eiqmQqY4LZ/9+z/R7xC0ie3iA=",
        "owner": "hyprwm",
        "repo": "hyprlang",
        "rev": "6624f2bb66d4d27975766e81f77174adbe58ec97",
        "type": "github"
      },
      "original": {
        "owner": "hyprwm",
        "repo": "hyprlang",
        "type": "github"
      }
    },
    "my_neovim": {
      "inputs": {
        "flake-parts": "flake-parts",
        "home-manager": [
          "home-manager"
        ],
        "nixpkgs": [
          "nixpkgs"
        ],
        "nixvim": "nixvim"
      },
      "locked": {
        "lastModified": 1709117177,
        "narHash": "sha256-uldeQxiQ8A67Fq1cnuzXrdMeM9Gc1vmz7n8jC+YyC38=",
        "owner": "Bodleum",
        "repo": "neovim",
        "rev": "41b227970c5a340728914b3fedf63f71c66b5b33",
        "type": "github"
      },
      "original": {
        "owner": "Bodleum",
        "repo": "neovim",
        "type": "github"
      }
    },
    "nix-colors": {
      "inputs": {
        "base16-schemes": "base16-schemes",
        "nixpkgs-lib": "nixpkgs-lib_2"
      },
      "locked": {
        "lastModified": 1707825078,
        "narHash": "sha256-hTfge2J2W+42SZ7VHXkf4kjU+qzFqPeC9k66jAUBMHk=",
        "owner": "misterio77",
        "repo": "nix-colors",
        "rev": "b01f024090d2c4fc3152cd0cf12027a7b8453ba1",
        "type": "github"
      },
      "original": {
        "owner": "misterio77",
        "repo": "nix-colors",
        "type": "github"
      }
    },
    "nix-darwin": {
      "inputs": {
        "nixpkgs": [
          "my_neovim",
          "nixvim",
          "nixpkgs"
        ]
      },
      "locked": {
        "lastModified": 1704277720,
        "narHash": "sha256-meAKNgmh3goankLGWqqpw73pm9IvXjEENJloF0coskE=",
        "owner": "lnl7",
        "repo": "nix-darwin",
        "rev": "0dd382b70c351f528561f71a0a7df82c9d2be9a4",
        "type": "github"
      },
      "original": {
        "owner": "lnl7",
        "repo": "nix-darwin",
        "type": "github"
      }
    },
    "nixpkgs": {
      "locked": {
        "lastModified": 1708118438,
        "narHash": "sha256-kk9/0nuVgA220FcqH/D2xaN6uGyHp/zoxPNUmPCMmEE=",
        "owner": "NixOS",
        "repo": "nixpkgs",
        "rev": "5863c27340ba4de8f83e7e3c023b9599c3cb3c80",
        "type": "github"
      },
      "original": {
        "owner": "NixOS",
        "ref": "nixos-unstable",
        "repo": "nixpkgs",
        "type": "github"
      }
    },
    "nixpkgs-lib": {
      "locked": {
        "dir": "lib",
        "lastModified": 1703961334,
        "narHash": "sha256-M1mV/Cq+pgjk0rt6VxoyyD+O8cOUiai8t9Q6Yyq4noY=",
        "owner": "NixOS",
        "repo": "nixpkgs",
        "rev": "b0d36bd0a420ecee3bc916c91886caca87c894e9",
        "type": "github"
      },
      "original": {
        "dir": "lib",
        "owner": "NixOS",
        "ref": "nixos-unstable",
        "repo": "nixpkgs",
        "type": "github"
      }
    },
    "nixpkgs-lib_2": {
      "locked": {
        "lastModified": 1697935651,
        "narHash": "sha256-qOfWjQ2JQSQL15KLh6D7xQhx0qgZlYZTYlcEiRuAMMw=",
        "owner": "nix-community",
        "repo": "nixpkgs.lib",
        "rev": "e1e11fdbb01113d85c7f41cada9d2847660e3902",
        "type": "github"
      },
      "original": {
        "owner": "nix-community",
        "repo": "nixpkgs.lib",
        "type": "github"
      }
    },
    "nixpkgs-stable": {
      "locked": {
        "lastModified": 1704290814,
        "narHash": "sha256-LWvKHp7kGxk/GEtlrGYV68qIvPHkU9iToomNFGagixU=",
        "owner": "NixOS",
        "repo": "nixpkgs",
        "rev": "70bdadeb94ffc8806c0570eb5c2695ad29f0e421",
        "type": "github"
      },
      "original": {
        "owner": "NixOS",
        "ref": "nixos-23.05",
        "repo": "nixpkgs",
        "type": "github"
      }
    },
    "nixvim": {
      "inputs": {
        "flake-parts": [
          "my_neovim",
          "flake-parts"
        ],
        "home-manager": [
          "my_neovim",
          "home-manager"
        ],
        "nix-darwin": "nix-darwin",
        "nixpkgs": [
          "my_neovim",
          "nixpkgs"
        ],
        "pre-commit-hooks": "pre-commit-hooks"
      },
      "locked": {
        "lastModified": 1704958333,
        "narHash": "sha256-yYgtaJnaDtUzd2X5jL+Zy38rtKPEu328oy5x7cOaH+I=",
        "owner": "nix-community",
        "repo": "nixvim",
        "rev": "0379ab34cc7bc1b846bfdbb3d6707f5c8b03ce2c",
        "type": "github"
      },
      "original": {
        "owner": "nix-community",
        "repo": "nixvim",
        "type": "github"
      }
    },
    "nur": {
      "locked": {
        "lastModified": 1708186505,
        "narHash": "sha256-d6RTR28YMntwPmRYjUq6A6DNHIPa1bUzzqRzTiQEMXk=",
        "owner": "nix-community",
        "repo": "NUR",
        "rev": "a0543345ddda9db58d930675085c9d1a52af4ca1",
        "type": "github"
      },
      "original": {
        "owner": "nix-community",
        "repo": "NUR",
        "type": "github"
      }
    },
    "pre-commit-hooks": {
      "inputs": {
        "flake-compat": "flake-compat",
        "flake-utils": "flake-utils",
        "gitignore": "gitignore",
        "nixpkgs": [
          "my_neovim",
          "nixvim",
          "nixpkgs"
        ],
        "nixpkgs-stable": [
          "my_neovim",
          "nixvim",
          "nixpkgs"
        ]
      },
      "locked": {
        "lastModified": 1704668415,
        "narHash": "sha256-BMzNHFod53iiU4lkR5WHwqQCFmaCLq85sUCskXneXlA=",
        "owner": "cachix",
        "repo": "pre-commit-hooks.nix",
        "rev": "44493e2b3c3ebcd39a9947e9ed9f2c2af164ec4c",
        "type": "github"
      },
      "original": {
        "owner": "cachix",
        "repo": "pre-commit-hooks.nix",
        "type": "github"
      }
    },
    "root": {
      "inputs": {
        "home-manager": "home-manager",
        "hyprland": "hyprland",
        "my_neovim": "my_neovim",
        "nix-colors": "nix-colors",
        "nixpkgs": "nixpkgs",
        "nixpkgs-stable": "nixpkgs-stable",
        "nur": "nur",
        "sops-nix": "sops-nix"
      }
    },
    "sops-nix": {
      "inputs": {
        "nixpkgs": [
          "nixpkgs"
        ],
        "nixpkgs-stable": [
          "nixpkgs-stable"
        ]
      },
      "locked": {
        "lastModified": 1707842202,
        "narHash": "sha256-3dTBbCzHJBinwhsisGJHW1HLBsLbj91+a5ZDXt7ttW0=",
        "owner": "Mic92",
        "repo": "sops-nix",
        "rev": "48afd3264ec52bee85231a7122612e2c5202fa74",
        "type": "github"
      },
      "original": {
        "owner": "Mic92",
        "repo": "sops-nix",
        "type": "github"
      }
    },
    "systems": {
      "locked": {
        "lastModified": 1689347949,
        "narHash": "sha256-12tWmuL2zgBgZkdoB6qXZsgJEH9LR3oUgpaQq2RbI80=",
        "owner": "nix-systems",
        "repo": "default-linux",
        "rev": "31732fcf5e8fea42e59c2488ad31a0e651500f68",
        "type": "github"
      },
      "original": {
        "owner": "nix-systems",
        "repo": "default-linux",
        "type": "github"
      }
    },
    "systems_2": {
      "locked": {
        "lastModified": 1681028828,
        "narHash": "sha256-Vy1rq5AaRuLzOxct8nz4T6wlgyUR7zLU309k9mBC768=",
        "owner": "nix-systems",
        "repo": "default",
        "rev": "da67096a3b9bf56a91d16901293e51ba5b49a27e",
        "type": "github"
      },
      "original": {
        "owner": "nix-systems",
        "repo": "default",
        "type": "github"
      }
    },
    "wlroots": {
      "flake": false,
      "locked": {
        "host": "gitlab.freedesktop.org",
        "lastModified": 1706359063,
        "narHash": "sha256-5HUTG0p+nCJv3cn73AmFHRZdfRV5AD5N43g8xAePSKM=",
        "owner": "wlroots",
        "repo": "wlroots",
        "rev": "00b869c1a96f300a8f25da95d624524895e0ddf2",
        "type": "gitlab"
      },
      "original": {
        "host": "gitlab.freedesktop.org",
        "owner": "wlroots",
        "repo": "wlroots",
        "rev": "00b869c1a96f300a8f25da95d624524895e0ddf2",
        "type": "gitlab"
      }
    },
    "xdph": {
      "inputs": {
        "hyprland-protocols": [
          "hyprland",
          "hyprland-protocols"
        ],
        "hyprlang": "hyprlang",
        "nixpkgs": [
          "hyprland",
          "nixpkgs"
        ],
        "systems": [
          "hyprland",
          "systems"
        ]
      },
      "locked": {
        "lastModified": 1706521509,
        "narHash": "sha256-AInZ50acOJ3wzUwGzNr1TmxGTMx+8j6oSTzz4E7Vbp8=",
        "owner": "hyprwm",
        "repo": "xdg-desktop-portal-hyprland",
        "rev": "c06fd88b3da492b8f9067be021b9184f7012b5a8",
        "type": "github"
      },
      "original": {
        "owner": "hyprwm",
        "repo": "xdg-desktop-portal-hyprland",
        "type": "github"
      }
    }
  },
  "root": "root",
  "version": 7
}
